// !$*UTF8*$!
{
	archiveVersion = 1;
	classes = {
	};
	objectVersion = 56;
	objects = {

/* Begin PBXBuildFile section */
		361B859F2B80A2B800BA5B11 /* TrackThatFlightApp.swift in Sources */ = {isa = PBXBuildFile; fileRef = 361B859E2B80A2B800BA5B11 /* TrackThatFlightApp.swift */; };
		361B85A12B80A2B800BA5B11 /* ContentView.swift in Sources */ = {isa = PBXBuildFile; fileRef = 361B85A02B80A2B800BA5B11 /* ContentView.swift */; };
		361B85A32B80A2BA00BA5B11 /* Assets.xcassets in Resources */ = {isa = PBXBuildFile; fileRef = 361B85A22B80A2BA00BA5B11 /* Assets.xcassets */; };
		361B85A62B80A2BA00BA5B11 /* Preview Assets.xcassets in Resources */ = {isa = PBXBuildFile; fileRef = 361B85A52B80A2BA00BA5B11 /* Preview Assets.xcassets */; };
		361B85B02B80A2BB00BA5B11 /* TrackThatFlightTests.swift in Sources */ = {isa = PBXBuildFile; fileRef = 361B85AF2B80A2BB00BA5B11 /* TrackThatFlightTests.swift */; };
		361B85BA2B80A2BB00BA5B11 /* TrackThatFlightUITests.swift in Sources */ = {isa = PBXBuildFile; fileRef = 361B85B92B80A2BB00BA5B11 /* TrackThatFlightUITests.swift */; };
		361B85BC2B80A2BB00BA5B11 /* TrackThatFlightUITestsLaunchTests.swift in Sources */ = {isa = PBXBuildFile; fileRef = 361B85BB2B80A2BB00BA5B11 /* TrackThatFlightUITestsLaunchTests.swift */; };
		361B85CA2B80A2F900BA5B11 /* HomeView.swift in Sources */ = {isa = PBXBuildFile; fileRef = 361B85C92B80A2F900BA5B11 /* HomeView.swift */; };
		361B85CD2B80A32A00BA5B11 /* SearchFlightView.swift in Sources */ = {isa = PBXBuildFile; fileRef = 361B85CC2B80A32A00BA5B11 /* SearchFlightView.swift */; };
		361B85CF2B80AC9C00BA5B11 /* SearchFlightCellView.swift in Sources */ = {isa = PBXBuildFile; fileRef = 361B85CE2B80AC9C00BA5B11 /* SearchFlightCellView.swift */; };
		361B85D22B80AEF700BA5B11 /* Color.swift in Sources */ = {isa = PBXBuildFile; fileRef = 361B85D12B80AEF700BA5B11 /* Color.swift */; };
		361B85D42B80BC4C00BA5B11 /* SearchFlightViewModel.swift in Sources */ = {isa = PBXBuildFile; fileRef = 361B85D32B80BC4C00BA5B11 /* SearchFlightViewModel.swift */; };
		361B85D62B80BC5900BA5B11 /* SearchFlightModel.swift in Sources */ = {isa = PBXBuildFile; fileRef = 361B85D52B80BC5900BA5B11 /* SearchFlightModel.swift */; };
		361B85D92B80BD3300BA5B11 /* Request.swift in Sources */ = {isa = PBXBuildFile; fileRef = 361B85D82B80BD3300BA5B11 /* Request.swift */; };
		361B85DB2B80BDD200BA5B11 /* NetworkCall.swift in Sources */ = {isa = PBXBuildFile; fileRef = 361B85DA2B80BDD200BA5B11 /* NetworkCall.swift */; };
		361B85DD2B80BF9600BA5B11 /* SearchFlightRequest.swift in Sources */ = {isa = PBXBuildFile; fileRef = 361B85DC2B80BF9600BA5B11 /* SearchFlightRequest.swift */; };
		361B85DF2B81056600BA5B11 /* HomeViewModel.swift in Sources */ = {isa = PBXBuildFile; fileRef = 361B85DE2B81056600BA5B11 /* HomeViewModel.swift */; };
		361B85E12B81058800BA5B11 /* HomeViewFlightModel.swift in Sources */ = {isa = PBXBuildFile; fileRef = 361B85E02B81058800BA5B11 /* HomeViewFlightModel.swift */; };
		361B85E32B81072900BA5B11 /* HomeViewFlightRequest.swift in Sources */ = {isa = PBXBuildFile; fileRef = 361B85E22B81072900BA5B11 /* HomeViewFlightRequest.swift */; };
		361B85E52B810C6A00BA5B11 /* HomeViewBottomTray.swift in Sources */ = {isa = PBXBuildFile; fileRef = 361B85E42B810C6A00BA5B11 /* HomeViewBottomTray.swift */; };
		36CBFA372B82046A003F3619 /* MyMapView.swift in Sources */ = {isa = PBXBuildFile; fileRef = 36CBFA362B82046A003F3619 /* MyMapView.swift */; };
		36CBFA3A2B820FCF003F3619 /* SearchFlightTextField.swift in Sources */ = {isa = PBXBuildFile; fileRef = 36CBFA392B820FCF003F3619 /* SearchFlightTextField.swift */; };
		36CBFA3D2B8245E0003F3619 /* AirportDetailView.swift in Sources */ = {isa = PBXBuildFile; fileRef = 36CBFA3C2B8245E0003F3619 /* AirportDetailView.swift */; };
/* End PBXBuildFile section */

/* Begin PBXContainerItemProxy section */
		361B85AC2B80A2BB00BA5B11 /* PBXContainerItemProxy */ = {
			isa = PBXContainerItemProxy;
			containerPortal = 361B85932B80A2B800BA5B11 /* Project object */;
			proxyType = 1;
			remoteGlobalIDString = 361B859A2B80A2B800BA5B11;
			remoteInfo = TrackThatFlight;
		};
		361B85B62B80A2BB00BA5B11 /* PBXContainerItemProxy */ = {
			isa = PBXContainerItemProxy;
			containerPortal = 361B85932B80A2B800BA5B11 /* Project object */;
			proxyType = 1;
			remoteGlobalIDString = 361B859A2B80A2B800BA5B11;
			remoteInfo = TrackThatFlight;
		};
/* End PBXContainerItemProxy section */

/* Begin PBXFileReference section */
		361B859B2B80A2B800BA5B11 /* TrackThatFlight.app */ = {isa = PBXFileReference; explicitFileType = wrapper.application; includeInIndex = 0; path = TrackThatFlight.app; sourceTree = BUILT_PRODUCTS_DIR; };
		361B859E2B80A2B800BA5B11 /* TrackThatFlightApp.swift */ = {isa = PBXFileReference; lastKnownFileType = sourcecode.swift; path = TrackThatFlightApp.swift; sourceTree = "<group>"; };
		361B85A02B80A2B800BA5B11 /* ContentView.swift */ = {isa = PBXFileReference; lastKnownFileType = sourcecode.swift; path = ContentView.swift; sourceTree = "<group>"; };
		361B85A22B80A2BA00BA5B11 /* Assets.xcassets */ = {isa = PBXFileReference; lastKnownFileType = folder.assetcatalog; path = Assets.xcassets; sourceTree = "<group>"; };
		361B85A52B80A2BA00BA5B11 /* Preview Assets.xcassets */ = {isa = PBXFileReference; lastKnownFileType = folder.assetcatalog; path = "Preview Assets.xcassets"; sourceTree = "<group>"; };
		361B85AB2B80A2BB00BA5B11 /* TrackThatFlightTests.xctest */ = {isa = PBXFileReference; explicitFileType = wrapper.cfbundle; includeInIndex = 0; path = TrackThatFlightTests.xctest; sourceTree = BUILT_PRODUCTS_DIR; };
		361B85AF2B80A2BB00BA5B11 /* TrackThatFlightTests.swift */ = {isa = PBXFileReference; lastKnownFileType = sourcecode.swift; path = TrackThatFlightTests.swift; sourceTree = "<group>"; };
		361B85B52B80A2BB00BA5B11 /* TrackThatFlightUITests.xctest */ = {isa = PBXFileReference; explicitFileType = wrapper.cfbundle; includeInIndex = 0; path = TrackThatFlightUITests.xctest; sourceTree = BUILT_PRODUCTS_DIR; };
		361B85B92B80A2BB00BA5B11 /* TrackThatFlightUITests.swift */ = {isa = PBXFileReference; lastKnownFileType = sourcecode.swift; path = TrackThatFlightUITests.swift; sourceTree = "<group>"; };
		361B85BB2B80A2BB00BA5B11 /* TrackThatFlightUITestsLaunchTests.swift */ = {isa = PBXFileReference; lastKnownFileType = sourcecode.swift; path = TrackThatFlightUITestsLaunchTests.swift; sourceTree = "<group>"; };
		361B85C92B80A2F900BA5B11 /* HomeView.swift */ = {isa = PBXFileReference; lastKnownFileType = sourcecode.swift; path = HomeView.swift; sourceTree = "<group>"; };
		361B85CC2B80A32A00BA5B11 /* SearchFlightView.swift */ = {isa = PBXFileReference; lastKnownFileType = sourcecode.swift; path = SearchFlightView.swift; sourceTree = "<group>"; };
		361B85CE2B80AC9C00BA5B11 /* SearchFlightCellView.swift */ = {isa = PBXFileReference; lastKnownFileType = sourcecode.swift; path = SearchFlightCellView.swift; sourceTree = "<group>"; };
		361B85D12B80AEF700BA5B11 /* Color.swift */ = {isa = PBXFileReference; lastKnownFileType = sourcecode.swift; path = Color.swift; sourceTree = "<group>"; };
		361B85D32B80BC4C00BA5B11 /* SearchFlightViewModel.swift */ = {isa = PBXFileReference; lastKnownFileType = sourcecode.swift; path = SearchFlightViewModel.swift; sourceTree = "<group>"; };
		361B85D52B80BC5900BA5B11 /* SearchFlightModel.swift */ = {isa = PBXFileReference; lastKnownFileType = sourcecode.swift; path = SearchFlightModel.swift; sourceTree = "<group>"; };
		361B85D82B80BD3300BA5B11 /* Request.swift */ = {isa = PBXFileReference; lastKnownFileType = sourcecode.swift; path = Request.swift; sourceTree = "<group>"; };
		361B85DA2B80BDD200BA5B11 /* NetworkCall.swift */ = {isa = PBXFileReference; lastKnownFileType = sourcecode.swift; path = NetworkCall.swift; sourceTree = "<group>"; };
		361B85DC2B80BF9600BA5B11 /* SearchFlightRequest.swift */ = {isa = PBXFileReference; lastKnownFileType = sourcecode.swift; path = SearchFlightRequest.swift; sourceTree = "<group>"; };
		361B85DE2B81056600BA5B11 /* HomeViewModel.swift */ = {isa = PBXFileReference; lastKnownFileType = sourcecode.swift; path = HomeViewModel.swift; sourceTree = "<group>"; };
		361B85E02B81058800BA5B11 /* HomeViewFlightModel.swift */ = {isa = PBXFileReference; lastKnownFileType = sourcecode.swift; path = HomeViewFlightModel.swift; sourceTree = "<group>"; };
		361B85E22B81072900BA5B11 /* HomeViewFlightRequest.swift */ = {isa = PBXFileReference; lastKnownFileType = sourcecode.swift; path = HomeViewFlightRequest.swift; sourceTree = "<group>"; };
		361B85E42B810C6A00BA5B11 /* HomeViewBottomTray.swift */ = {isa = PBXFileReference; lastKnownFileType = sourcecode.swift; path = HomeViewBottomTray.swift; sourceTree = "<group>"; };
		36CBFA362B82046A003F3619 /* MyMapView.swift */ = {isa = PBXFileReference; lastKnownFileType = sourcecode.swift; path = MyMapView.swift; sourceTree = "<group>"; };
		36CBFA392B820FCF003F3619 /* SearchFlightTextField.swift */ = {isa = PBXFileReference; lastKnownFileType = sourcecode.swift; path = SearchFlightTextField.swift; sourceTree = "<group>"; };
		36CBFA3C2B8245E0003F3619 /* AirportDetailView.swift */ = {isa = PBXFileReference; lastKnownFileType = sourcecode.swift; path = AirportDetailView.swift; sourceTree = "<group>"; };
/* End PBXFileReference section */

/* Begin PBXFrameworksBuildPhase section */
		361B85982B80A2B800BA5B11 /* Frameworks */ = {
			isa = PBXFrameworksBuildPhase;
			buildActionMask = 2147483647;
			files = (
			);
			runOnlyForDeploymentPostprocessing = 0;
		};
		361B85A82B80A2BB00BA5B11 /* Frameworks */ = {
			isa = PBXFrameworksBuildPhase;
			buildActionMask = 2147483647;
			files = (
			);
			runOnlyForDeploymentPostprocessing = 0;
		};
		361B85B22B80A2BB00BA5B11 /* Frameworks */ = {
			isa = PBXFrameworksBuildPhase;
			buildActionMask = 2147483647;
			files = (
			);
			runOnlyForDeploymentPostprocessing = 0;
		};
/* End PBXFrameworksBuildPhase section */

/* Begin PBXGroup section */
		361B85922B80A2B800BA5B11 = {
			isa = PBXGroup;
			children = (
				361B859D2B80A2B800BA5B11 /* TrackThatFlight */,
				361B85AE2B80A2BB00BA5B11 /* TrackThatFlightTests */,
				361B85B82B80A2BB00BA5B11 /* TrackThatFlightUITests */,
				361B859C2B80A2B800BA5B11 /* Products */,
			);
			sourceTree = "<group>";
		};
		361B859C2B80A2B800BA5B11 /* Products */ = {
			isa = PBXGroup;
			children = (
				361B859B2B80A2B800BA5B11 /* TrackThatFlight.app */,
				361B85AB2B80A2BB00BA5B11 /* TrackThatFlightTests.xctest */,
				361B85B52B80A2BB00BA5B11 /* TrackThatFlightUITests.xctest */,
			);
			name = Products;
			sourceTree = "<group>";
		};
		361B859D2B80A2B800BA5B11 /* TrackThatFlight */ = {
			isa = PBXGroup;
			children = (
				36CBFA3B2B8245CD003F3619 /* AirportDetails */,
				36CBFA382B820FBE003F3619 /* Common */,
				36CBFA352B820459003F3619 /* MapView */,
				361B85D72B80BD2400BA5B11 /* Network */,
				361B85D02B80AEE400BA5B11 /* Helper */,
				361B85CB2B80A31900BA5B11 /* SearchFlight */,
				361B85C82B80A2E500BA5B11 /* HomeView */,
				361B859E2B80A2B800BA5B11 /* TrackThatFlightApp.swift */,
				361B85A02B80A2B800BA5B11 /* ContentView.swift */,
				361B85A22B80A2BA00BA5B11 /* Assets.xcassets */,
				361B85A42B80A2BA00BA5B11 /* Preview Content */,
			);
			path = TrackThatFlight;
			sourceTree = "<group>";
		};
		361B85A42B80A2BA00BA5B11 /* Preview Content */ = {
			isa = PBXGroup;
			children = (
				361B85A52B80A2BA00BA5B11 /* Preview Assets.xcassets */,
			);
			path = "Preview Content";
			sourceTree = "<group>";
		};
		361B85AE2B80A2BB00BA5B11 /* TrackThatFlightTests */ = {
			isa = PBXGroup;
			children = (
				361B85AF2B80A2BB00BA5B11 /* TrackThatFlightTests.swift */,
			);
			path = TrackThatFlightTests;
			sourceTree = "<group>";
		};
		361B85B82B80A2BB00BA5B11 /* TrackThatFlightUITests */ = {
			isa = PBXGroup;
			children = (
				361B85B92B80A2BB00BA5B11 /* TrackThatFlightUITests.swift */,
				361B85BB2B80A2BB00BA5B11 /* TrackThatFlightUITestsLaunchTests.swift */,
			);
			path = TrackThatFlightUITests;
			sourceTree = "<group>";
		};
		361B85C82B80A2E500BA5B11 /* HomeView */ = {
			isa = PBXGroup;
			children = (
				361B85C92B80A2F900BA5B11 /* HomeView.swift */,
				361B85DE2B81056600BA5B11 /* HomeViewModel.swift */,
				361B85E02B81058800BA5B11 /* HomeViewFlightModel.swift */,
				361B85E22B81072900BA5B11 /* HomeViewFlightRequest.swift */,
				361B85E42B810C6A00BA5B11 /* HomeViewBottomTray.swift */,
			);
			path = HomeView;
			sourceTree = "<group>";
		};
		361B85CB2B80A31900BA5B11 /* SearchFlight */ = {
			isa = PBXGroup;
			children = (
				361B85CC2B80A32A00BA5B11 /* SearchFlightView.swift */,
				361B85CE2B80AC9C00BA5B11 /* SearchFlightCellView.swift */,
				361B85D32B80BC4C00BA5B11 /* SearchFlightViewModel.swift */,
				361B85D52B80BC5900BA5B11 /* SearchFlightModel.swift */,
				361B85DC2B80BF9600BA5B11 /* SearchFlightRequest.swift */,
			);
			path = SearchFlight;
			sourceTree = "<group>";
		};
		361B85D02B80AEE400BA5B11 /* Helper */ = {
			isa = PBXGroup;
			children = (
				361B85D12B80AEF700BA5B11 /* Color.swift */,
			);
			path = Helper;
			sourceTree = "<group>";
		};
		361B85D72B80BD2400BA5B11 /* Network */ = {
			isa = PBXGroup;
			children = (
				361B85D82B80BD3300BA5B11 /* Request.swift */,
				361B85DA2B80BDD200BA5B11 /* NetworkCall.swift */,
			);
			path = Network;
			sourceTree = "<group>";
		};
		36CBFA352B820459003F3619 /* MapView */ = {
			isa = PBXGroup;
			children = (
				36CBFA362B82046A003F3619 /* MyMapView.swift */,
			);
			path = MapView;
			sourceTree = "<group>";
		};
		36CBFA382B820FBE003F3619 /* Common */ = {
			isa = PBXGroup;
			children = (
				36CBFA392B820FCF003F3619 /* SearchFlightTextField.swift */,
			);
			path = Common;
			sourceTree = "<group>";
		};
		36CBFA3B2B8245CD003F3619 /* AirportDetails */ = {
			isa = PBXGroup;
			children = (
				36CBFA3C2B8245E0003F3619 /* AirportDetailView.swift */,
			);
			path = AirportDetails;
			sourceTree = "<group>";
		};
/* End PBXGroup section */

/* Begin PBXNativeTarget section */
		361B859A2B80A2B800BA5B11 /* TrackThatFlight */ = {
			isa = PBXNativeTarget;
			buildConfigurationList = 361B85BF2B80A2BB00BA5B11 /* Build configuration list for PBXNativeTarget "TrackThatFlight" */;
			buildPhases = (
				361B85972B80A2B800BA5B11 /* Sources */,
				361B85982B80A2B800BA5B11 /* Frameworks */,
				361B85992B80A2B800BA5B11 /* Resources */,
			);
			buildRules = (
			);
			dependencies = (
			);
			name = TrackThatFlight;
			productName = TrackThatFlight;
			productReference = 361B859B2B80A2B800BA5B11 /* TrackThatFlight.app */;
			productType = "com.apple.product-type.application";
		};
		361B85AA2B80A2BB00BA5B11 /* TrackThatFlightTests */ = {
			isa = PBXNativeTarget;
			buildConfigurationList = 361B85C22B80A2BB00BA5B11 /* Build configuration list for PBXNativeTarget "TrackThatFlightTests" */;
			buildPhases = (
				361B85A72B80A2BB00BA5B11 /* Sources */,
				361B85A82B80A2BB00BA5B11 /* Frameworks */,
				361B85A92B80A2BB00BA5B11 /* Resources */,
			);
			buildRules = (
			);
			dependencies = (
				361B85AD2B80A2BB00BA5B11 /* PBXTargetDependency */,
			);
			name = TrackThatFlightTests;
			productName = TrackThatFlightTests;
			productReference = 361B85AB2B80A2BB00BA5B11 /* TrackThatFlightTests.xctest */;
			productType = "com.apple.product-type.bundle.unit-test";
		};
		361B85B42B80A2BB00BA5B11 /* TrackThatFlightUITests */ = {
			isa = PBXNativeTarget;
			buildConfigurationList = 361B85C52B80A2BB00BA5B11 /* Build configuration list for PBXNativeTarget "TrackThatFlightUITests" */;
			buildPhases = (
				361B85B12B80A2BB00BA5B11 /* Sources */,
				361B85B22B80A2BB00BA5B11 /* Frameworks */,
				361B85B32B80A2BB00BA5B11 /* Resources */,
			);
			buildRules = (
			);
			dependencies = (
				361B85B72B80A2BB00BA5B11 /* PBXTargetDependency */,
			);
			name = TrackThatFlightUITests;
			productName = TrackThatFlightUITests;
			productReference = 361B85B52B80A2BB00BA5B11 /* TrackThatFlightUITests.xctest */;
			productType = "com.apple.product-type.bundle.ui-testing";
		};
/* End PBXNativeTarget section */

/* Begin PBXProject section */
		361B85932B80A2B800BA5B11 /* Project object */ = {
			isa = PBXProject;
			attributes = {
				BuildIndependentTargetsInParallel = 1;
				LastSwiftUpdateCheck = 1520;
				LastUpgradeCheck = 1520;
				TargetAttributes = {
					361B859A2B80A2B800BA5B11 = {
						CreatedOnToolsVersion = 15.2;
					};
					361B85AA2B80A2BB00BA5B11 = {
						CreatedOnToolsVersion = 15.2;
						TestTargetID = 361B859A2B80A2B800BA5B11;
					};
					361B85B42B80A2BB00BA5B11 = {
						CreatedOnToolsVersion = 15.2;
						TestTargetID = 361B859A2B80A2B800BA5B11;
					};
				};
			};
			buildConfigurationList = 361B85962B80A2B800BA5B11 /* Build configuration list for PBXProject "TrackThatFlight" */;
			compatibilityVersion = "Xcode 14.0";
			developmentRegion = en;
			hasScannedForEncodings = 0;
			knownRegions = (
				en,
				Base,
			);
			mainGroup = 361B85922B80A2B800BA5B11;
			productRefGroup = 361B859C2B80A2B800BA5B11 /* Products */;
			projectDirPath = "";
			projectRoot = "";
			targets = (
				361B859A2B80A2B800BA5B11 /* TrackThatFlight */,
				361B85AA2B80A2BB00BA5B11 /* TrackThatFlightTests */,
				361B85B42B80A2BB00BA5B11 /* TrackThatFlightUITests */,
			);
		};
/* End PBXProject section */

/* Begin PBXResourcesBuildPhase section */
		361B85992B80A2B800BA5B11 /* Resources */ = {
			isa = PBXResourcesBuildPhase;
			buildActionMask = 2147483647;
			files = (
				361B85A62B80A2BA00BA5B11 /* Preview Assets.xcassets in Resources */,
				361B85A32B80A2BA00BA5B11 /* Assets.xcassets in Resources */,
			);
			runOnlyForDeploymentPostprocessing = 0;
		};
		361B85A92B80A2BB00BA5B11 /* Resources */ = {
			isa = PBXResourcesBuildPhase;
			buildActionMask = 2147483647;
			files = (
			);
			runOnlyForDeploymentPostprocessing = 0;
		};
		361B85B32B80A2BB00BA5B11 /* Resources */ = {
			isa = PBXResourcesBuildPhase;
			buildActionMask = 2147483647;
			files = (
			);
			runOnlyForDeploymentPostprocessing = 0;
		};
/* End PBXResourcesBuildPhase section */

/* Begin PBXSourcesBuildPhase section */
		361B85972B80A2B800BA5B11 /* Sources */ = {
			isa = PBXSourcesBuildPhase;
			buildActionMask = 2147483647;
			files = (
				361B85CD2B80A32A00BA5B11 /* SearchFlightView.swift in Sources */,
				361B85DD2B80BF9600BA5B11 /* SearchFlightRequest.swift in Sources */,
				361B85CA2B80A2F900BA5B11 /* HomeView.swift in Sources */,
				361B85CF2B80AC9C00BA5B11 /* SearchFlightCellView.swift in Sources */,
				361B85A12B80A2B800BA5B11 /* ContentView.swift in Sources */,
				36CBFA3D2B8245E0003F3619 /* AirportDetailView.swift in Sources */,
				361B85E52B810C6A00BA5B11 /* HomeViewBottomTray.swift in Sources */,
				361B85DB2B80BDD200BA5B11 /* NetworkCall.swift in Sources */,
				361B85D42B80BC4C00BA5B11 /* SearchFlightViewModel.swift in Sources */,
				361B85DF2B81056600BA5B11 /* HomeViewModel.swift in Sources */,
				36CBFA372B82046A003F3619 /* MyMapView.swift in Sources */,
				361B859F2B80A2B800BA5B11 /* TrackThatFlightApp.swift in Sources */,
				361B85E32B81072900BA5B11 /* HomeViewFlightRequest.swift in Sources */,
				36CBFA3A2B820FCF003F3619 /* SearchFlightTextField.swift in Sources */,
				361B85E12B81058800BA5B11 /* HomeViewFlightModel.swift in Sources */,
				361B85D22B80AEF700BA5B11 /* Color.swift in Sources */,
				361B85D92B80BD3300BA5B11 /* Request.swift in Sources */,
				361B85D62B80BC5900BA5B11 /* SearchFlightModel.swift in Sources */,
			);
			runOnlyForDeploymentPostprocessing = 0;
		};
		361B85A72B80A2BB00BA5B11 /* Sources */ = {
			isa = PBXSourcesBuildPhase;
			buildActionMask = 2147483647;
			files = (
				361B85B02B80A2BB00BA5B11 /* TrackThatFlightTests.swift in Sources */,
			);
			runOnlyForDeploymentPostprocessing = 0;
		};
		361B85B12B80A2BB00BA5B11 /* Sources */ = {
			isa = PBXSourcesBuildPhase;
			buildActionMask = 2147483647;
			files = (
				361B85BA2B80A2BB00BA5B11 /* TrackThatFlightUITests.swift in Sources */,
				361B85BC2B80A2BB00BA5B11 /* TrackThatFlightUITestsLaunchTests.swift in Sources */,
			);
			runOnlyForDeploymentPostprocessing = 0;
		};
/* End PBXSourcesBuildPhase section */

/* Begin PBXTargetDependency section */
		361B85AD2B80A2BB00BA5B11 /* PBXTargetDependency */ = {
			isa = PBXTargetDependency;
			target = 361B859A2B80A2B800BA5B11 /* TrackThatFlight */;
			targetProxy = 361B85AC2B80A2BB00BA5B11 /* PBXContainerItemProxy */;
		};
		361B85B72B80A2BB00BA5B11 /* PBXTargetDependency */ = {
			isa = PBXTargetDependency;
			target = 361B859A2B80A2B800BA5B11 /* TrackThatFlight */;
			targetProxy = 361B85B62B80A2BB00BA5B11 /* PBXContainerItemProxy */;
		};
/* End PBXTargetDependency section */

/* Begin XCBuildConfiguration section */
		361B85BD2B80A2BB00BA5B11 /* Debug */ = {
			isa = XCBuildConfiguration;
			buildSettings = {
				ALWAYS_SEARCH_USER_PATHS = NO;
				ASSETCATALOG_COMPILER_GENERATE_SWIFT_ASSET_SYMBOL_EXTENSIONS = YES;
				CLANG_ANALYZER_NONNULL = YES;
				CLANG_ANALYZER_NUMBER_OBJECT_CONVERSION = YES_AGGRESSIVE;
				CLANG_CXX_LANGUAGE_STANDARD = "gnu++20";
				CLANG_ENABLE_MODULES = YES;
				CLANG_ENABLE_OBJC_ARC = YES;
				CLANG_ENABLE_OBJC_WEAK = YES;
				CLANG_WARN_BLOCK_CAPTURE_AUTORELEASING = YES;
				CLANG_WARN_BOOL_CONVERSION = YES;
				CLANG_WARN_COMMA = YES;
				CLANG_WARN_CONSTANT_CONVERSION = YES;
				CLANG_WARN_DEPRECATED_OBJC_IMPLEMENTATIONS = YES;
				CLANG_WARN_DIRECT_OBJC_ISA_USAGE = YES_ERROR;
				CLANG_WARN_DOCUMENTATION_COMMENTS = YES;
				CLANG_WARN_EMPTY_BODY = YES;
				CLANG_WARN_ENUM_CONVERSION = YES;
				CLANG_WARN_INFINITE_RECURSION = YES;
				CLANG_WARN_INT_CONVERSION = YES;
				CLANG_WARN_NON_LITERAL_NULL_CONVERSION = YES;
				CLANG_WARN_OBJC_IMPLICIT_RETAIN_SELF = YES;
				CLANG_WARN_OBJC_LITERAL_CONVERSION = YES;
				CLANG_WARN_OBJC_ROOT_CLASS = YES_ERROR;
				CLANG_WARN_QUOTED_INCLUDE_IN_FRAMEWORK_HEADER = YES;
				CLANG_WARN_RANGE_LOOP_ANALYSIS = YES;
				CLANG_WARN_STRICT_PROTOTYPES = YES;
				CLANG_WARN_SUSPICIOUS_MOVE = YES;
				CLANG_WARN_UNGUARDED_AVAILABILITY = YES_AGGRESSIVE;
				CLANG_WARN_UNREACHABLE_CODE = YES;
				CLANG_WARN__DUPLICATE_METHOD_MATCH = YES;
				COPY_PHASE_STRIP = NO;
				DEBUG_INFORMATION_FORMAT = dwarf;
				ENABLE_STRICT_OBJC_MSGSEND = YES;
				ENABLE_TESTABILITY = YES;
				ENABLE_USER_SCRIPT_SANDBOXING = YES;
				GCC_C_LANGUAGE_STANDARD = gnu17;
				GCC_DYNAMIC_NO_PIC = NO;
				GCC_NO_COMMON_BLOCKS = YES;
				GCC_OPTIMIZATION_LEVEL = 0;
				GCC_PREPROCESSOR_DEFINITIONS = (
					"DEBUG=1",
					"$(inherited)",
				);
				GCC_WARN_64_TO_32_BIT_CONVERSION = YES;
				GCC_WARN_ABOUT_RETURN_TYPE = YES_ERROR;
				GCC_WARN_UNDECLARED_SELECTOR = YES;
				GCC_WARN_UNINITIALIZED_AUTOS = YES_AGGRESSIVE;
				GCC_WARN_UNUSED_FUNCTION = YES;
				GCC_WARN_UNUSED_VARIABLE = YES;
				IPHONEOS_DEPLOYMENT_TARGET = 17.2;
				LOCALIZATION_PREFERS_STRING_CATALOGS = YES;
				MTL_ENABLE_DEBUG_INFO = INCLUDE_SOURCE;
				MTL_FAST_MATH = YES;
				ONLY_ACTIVE_ARCH = YES;
				SDKROOT = iphoneos;
				SWIFT_ACTIVE_COMPILATION_CONDITIONS = "DEBUG $(inherited)";
				SWIFT_OPTIMIZATION_LEVEL = "-Onone";
			};
			name = Debug;
		};
		361B85BE2B80A2BB00BA5B11 /* Release */ = {
			isa = XCBuildConfiguration;
			buildSettings = {
				ALWAYS_SEARCH_USER_PATHS = NO;
				ASSETCATALOG_COMPILER_GENERATE_SWIFT_ASSET_SYMBOL_EXTENSIONS = YES;
				CLANG_ANALYZER_NONNULL = YES;
				CLANG_ANALYZER_NUMBER_OBJECT_CONVERSION = YES_AGGRESSIVE;
				CLANG_CXX_LANGUAGE_STANDARD = "gnu++20";
				CLANG_ENABLE_MODULES = YES;
				CLANG_ENABLE_OBJC_ARC = YES;
				CLANG_ENABLE_OBJC_WEAK = YES;
				CLANG_WARN_BLOCK_CAPTURE_AUTORELEASING = YES;
				CLANG_WARN_BOOL_CONVERSION = YES;
				CLANG_WARN_COMMA = YES;
				CLANG_WARN_CONSTANT_CONVERSION = YES;
				CLANG_WARN_DEPRECATED_OBJC_IMPLEMENTATIONS = YES;
				CLANG_WARN_DIRECT_OBJC_ISA_USAGE = YES_ERROR;
				CLANG_WARN_DOCUMENTATION_COMMENTS = YES;
				CLANG_WARN_EMPTY_BODY = YES;
				CLANG_WARN_ENUM_CONVERSION = YES;
				CLANG_WARN_INFINITE_RECURSION = YES;
				CLANG_WARN_INT_CONVERSION = YES;
				CLANG_WARN_NON_LITERAL_NULL_CONVERSION = YES;
				CLANG_WARN_OBJC_IMPLICIT_RETAIN_SELF = YES;
				CLANG_WARN_OBJC_LITERAL_CONVERSION = YES;
				CLANG_WARN_OBJC_ROOT_CLASS = YES_ERROR;
				CLANG_WARN_QUOTED_INCLUDE_IN_FRAMEWORK_HEADER = YES;
				CLANG_WARN_RANGE_LOOP_ANALYSIS = YES;
				CLANG_WARN_STRICT_PROTOTYPES = YES;
				CLANG_WARN_SUSPICIOUS_MOVE = YES;
				CLANG_WARN_UNGUARDED_AVAILABILITY = YES_AGGRESSIVE;
				CLANG_WARN_UNREACHABLE_CODE = YES;
				CLANG_WARN__DUPLICATE_METHOD_MATCH = YES;
				COPY_PHASE_STRIP = NO;
				DEBUG_INFORMATION_FORMAT = "dwarf-with-dsym";
				ENABLE_NS_ASSERTIONS = NO;
				ENABLE_STRICT_OBJC_MSGSEND = YES;
				ENABLE_USER_SCRIPT_SANDBOXING = YES;
				GCC_C_LANGUAGE_STANDARD = gnu17;
				GCC_NO_COMMON_BLOCKS = YES;
				GCC_WARN_64_TO_32_BIT_CONVERSION = YES;
				GCC_WARN_ABOUT_RETURN_TYPE = YES_ERROR;
				GCC_WARN_UNDECLARED_SELECTOR = YES;
				GCC_WARN_UNINITIALIZED_AUTOS = YES_AGGRESSIVE;
				GCC_WARN_UNUSED_FUNCTION = YES;
				GCC_WARN_UNUSED_VARIABLE = YES;
				IPHONEOS_DEPLOYMENT_TARGET = 17.2;
				LOCALIZATION_PREFERS_STRING_CATALOGS = YES;
				MTL_ENABLE_DEBUG_INFO = NO;
				MTL_FAST_MATH = YES;
				SDKROOT = iphoneos;
				SWIFT_COMPILATION_MODE = wholemodule;
				VALIDATE_PRODUCT = YES;
			};
			name = Release;
		};
		361B85C02B80A2BB00BA5B11 /* Debug */ = {
			isa = XCBuildConfiguration;
			buildSettings = {
				ASSETCATALOG_COMPILER_APPICON_NAME = AppIcon;
				ASSETCATALOG_COMPILER_GLOBAL_ACCENT_COLOR_NAME = AccentColor;
				CODE_SIGN_STYLE = Automatic;
				CURRENT_PROJECT_VERSION = 1;
				DEVELOPMENT_ASSET_PATHS = "\"TrackThatFlight/Preview Content\"";
				DEVELOPMENT_TEAM = GFYP7LM835;
				ENABLE_PREVIEWS = YES;
				GENERATE_INFOPLIST_FILE = YES;
				INFOPLIST_KEY_CFBundleDisplayName = TrackThatFlight;
				INFOPLIST_KEY_UIApplicationSceneManifest_Generation = YES;
				INFOPLIST_KEY_UIApplicationSupportsIndirectInputEvents = YES;
				INFOPLIST_KEY_UILaunchScreen_Generation = YES;
				INFOPLIST_KEY_UISupportedInterfaceOrientations_iPad = "UIInterfaceOrientationPortrait UIInterfaceOrientationPortraitUpsideDown UIInterfaceOrientationLandscapeLeft UIInterfaceOrientationLandscapeRight";
				INFOPLIST_KEY_UISupportedInterfaceOrientations_iPhone = "UIInterfaceOrientationPortrait UIInterfaceOrientationLandscapeLeft UIInterfaceOrientationLandscapeRight";
				IPHONEOS_DEPLOYMENT_TARGET = 16.0;
				LD_RUNPATH_SEARCH_PATHS = (
					"$(inherited)",
					"@executable_path/Frameworks",
				);
				MARKETING_VERSION = 1.0;
				PRODUCT_BUNDLE_IDENTIFIER = com.kapilShanbhag.TrackThatFlight;
				PRODUCT_NAME = "$(TARGET_NAME)";
				SWIFT_EMIT_LOC_STRINGS = YES;
				SWIFT_VERSION = 5.0;
				TARGETED_DEVICE_FAMILY = "1,2";
			};
			name = Debug;
		};
		361B85C12B80A2BB00BA5B11 /* Release */ = {
			isa = XCBuildConfiguration;
			buildSettings = {
				ASSETCATALOG_COMPILER_APPICON_NAME = AppIcon;
				ASSETCATALOG_COMPILER_GLOBAL_ACCENT_COLOR_NAME = AccentColor;
				CODE_SIGN_STYLE = Automatic;
				CURRENT_PROJECT_VERSION = 1;
				DEVELOPMENT_ASSET_PATHS = "\"TrackThatFlight/Preview Content\"";
				DEVELOPMENT_TEAM = GFYP7LM835;
				ENABLE_PREVIEWS = YES;
				GENERATE_INFOPLIST_FILE = YES;
				INFOPLIST_KEY_CFBundleDisplayName = TrackThatFlight;
				INFOPLIST_KEY_UIApplicationSceneManifest_Generation = YES;
				INFOPLIST_KEY_UIApplicationSupportsIndirectInputEvents = YES;
				INFOPLIST_KEY_UILaunchScreen_Generation = YES;
				INFOPLIST_KEY_UISupportedInterfaceOrientations_iPad = "UIInterfaceOrientationPortrait UIInterfaceOrientationPortraitUpsideDown UIInterfaceOrientationLandscapeLeft UIInterfaceOrientationLandscapeRight";
				INFOPLIST_KEY_UISupportedInterfaceOrientations_iPhone = "UIInterfaceOrientationPortrait UIInterfaceOrientationLandscapeLeft UIInterfaceOrientationLandscapeRight";
				IPHONEOS_DEPLOYMENT_TARGET = 16.0;
				LD_RUNPATH_SEARCH_PATHS = (
					"$(inherited)",
					"@executable_path/Frameworks",
				);
				MARKETING_VERSION = 1.0;
				PRODUCT_BUNDLE_IDENTIFIER = com.kapilShanbhag.TrackThatFlight;
				PRODUCT_NAME = "$(TARGET_NAME)";
				SWIFT_EMIT_LOC_STRINGS = YES;
				SWIFT_VERSION = 5.0;
				TARGETED_DEVICE_FAMILY = "1,2";
			};
			name = Release;
		};
		361B85C32B80A2BB00BA5B11 /* Debug */ = {
			isa = XCBuildConfiguration;
			buildSettings = {
				ALWAYS_EMBED_SWIFT_STANDARD_LIBRARIES = YES;
				BUNDLE_LOADER = "$(TEST_HOST)";
				CODE_SIGN_STYLE = Automatic;
				CURRENT_PROJECT_VERSION = 1;
				DEVELOPMENT_TEAM = GFYP7LM835;
				GENERATE_INFOPLIST_FILE = YES;
				IPHONEOS_DEPLOYMENT_TARGET = 17.2;
				MARKETING_VERSION = 1.0;
				PRODUCT_BUNDLE_IDENTIFIER = com.kapilShanbhag.TrackThatFlightTests;
				PRODUCT_NAME = "$(TARGET_NAME)";
				SWIFT_EMIT_LOC_STRINGS = NO;
				SWIFT_VERSION = 5.0;
				TARGETED_DEVICE_FAMILY = "1,2";
				TEST_HOST = "$(BUILT_PRODUCTS_DIR)/TrackThatFlight.app/$(BUNDLE_EXECUTABLE_FOLDER_PATH)/TrackThatFlight";
			};
			name = Debug;
		};
		361B85C42B80A2BB00BA5B11 /* Release */ = {
			isa = XCBuildConfiguration;
			buildSettings = {
				ALWAYS_EMBED_SWIFT_STANDARD_LIBRARIES = YES;
				BUNDLE_LOADER = "$(TEST_HOST)";
				CODE_SIGN_STYLE = Automatic;
				CURRENT_PROJECT_VERSION = 1;
				DEVELOPMENT_TEAM = GFYP7LM835;
				GENERATE_INFOPLIST_FILE = YES;
				IPHONEOS_DEPLOYMENT_TARGET = 17.2;
				MARKETING_VERSION = 1.0;
				PRODUCT_BUNDLE_IDENTIFIER = com.kapilShanbhag.TrackThatFlightTests;
				PRODUCT_NAME = "$(TARGET_NAME)";
				SWIFT_EMIT_LOC_STRINGS = NO;
				SWIFT_VERSION = 5.0;
				TARGETED_DEVICE_FAMILY = "1,2";
				TEST_HOST = "$(BUILT_PRODUCTS_DIR)/TrackThatFlight.app/$(BUNDLE_EXECUTABLE_FOLDER_PATH)/TrackThatFlight";
			};
			name = Release;
		};
		361B85C62B80A2BB00BA5B11 /* Debug */ = {
			isa = XCBuildConfiguration;
			buildSettings = {
				ALWAYS_EMBED_SWIFT_STANDARD_LIBRARIES = YES;
				CODE_SIGN_STYLE = Automatic;
				CURRENT_PROJECT_VERSION = 1;
				DEVELOPMENT_TEAM = GFYP7LM835;
				GENERATE_INFOPLIST_FILE = YES;
				MARKETING_VERSION = 1.0;
				PRODUCT_BUNDLE_IDENTIFIER = com.kapilShanbhag.TrackThatFlightUITests;
				PRODUCT_NAME = "$(TARGET_NAME)";
				SWIFT_EMIT_LOC_STRINGS = NO;
				SWIFT_VERSION = 5.0;
				TARGETED_DEVICE_FAMILY = "1,2";
				TEST_TARGET_NAME = TrackThatFlight;
			};
			name = Debug;
		};
		361B85C72B80A2BB00BA5B11 /* Release */ = {
			isa = XCBuildConfiguration;
			buildSettings = {
				ALWAYS_EMBED_SWIFT_STANDARD_LIBRARIES = YES;
				CODE_SIGN_STYLE = Automatic;
				CURRENT_PROJECT_VERSION = 1;
				DEVELOPMENT_TEAM = GFYP7LM835;
				GENERATE_INFOPLIST_FILE = YES;
				MARKETING_VERSION = 1.0;
				PRODUCT_BUNDLE_IDENTIFIER = com.kapilShanbhag.TrackThatFlightUITests;
				PRODUCT_NAME = "$(TARGET_NAME)";
				SWIFT_EMIT_LOC_STRINGS = NO;
				SWIFT_VERSION = 5.0;
				TARGETED_DEVICE_FAMILY = "1,2";
				TEST_TARGET_NAME = TrackThatFlight;
			};
			name = Release;
		};
/* End XCBuildConfiguration section */

/* Begin XCConfigurationList section */
		361B85962B80A2B800BA5B11 /* Build configuration list for PBXProject "TrackThatFlight" */ = {
			isa = XCConfigurationList;
			buildConfigurations = (
				361B85BD2B80A2BB00BA5B11 /* Debug */,
				361B85BE2B80A2BB00BA5B11 /* Release */,
			);
			defaultConfigurationIsVisible = 0;
			defaultConfigurationName = Release;
		};
		361B85BF2B80A2BB00BA5B11 /* Build configuration list for PBXNativeTarget "TrackThatFlight" */ = {
			isa = XCConfigurationList;
			buildConfigurations = (
				361B85C02B80A2BB00BA5B11 /* Debug */,
				361B85C12B80A2BB00BA5B11 /* Release */,
			);
			defaultConfigurationIsVisible = 0;
			defaultConfigurationName = Release;
		};
		361B85C22B80A2BB00BA5B11 /* Build configuration list for PBXNativeTarget "TrackThatFlightTests" */ = {
			isa = XCConfigurationList;
			buildConfigurations = (
				361B85C32B80A2BB00BA5B11 /* Debug */,
				361B85C42B80A2BB00BA5B11 /* Release */,
			);
			defaultConfigurationIsVisible = 0;
			defaultConfigurationName = Release;
		};
		361B85C52B80A2BB00BA5B11 /* Build configuration list for PBXNativeTarget "TrackThatFlightUITests" */ = {
			isa = XCConfigurationList;
			buildConfigurations = (
				361B85C62B80A2BB00BA5B11 /* Debug */,
				361B85C72B80A2BB00BA5B11 /* Release */,
			);
			defaultConfigurationIsVisible = 0;
			defaultConfigurationName = Release;
		};
/* End XCConfigurationList section */
	};
	rootObject = 361B85932B80A2B800BA5B11 /* Project object */;
}
